
Microsoft Visual Studio Solution File, Format Version 12.00
# Visual Studio 14
VisualStudioVersion = 14.0.25420.1
MinimumVisualStudioVersion = 10.0.40219.1
Project("{FAE04EC0-301F-11D3-BF4B-00C04F79EFBC}") = "TodoLijstje", "TodoLijstje\TodoLijstje.csproj", "{55EC0FAB-8464-4F11-9C27-0D8D9D58B0C2}"
EndProject
Project("{FAE04EC0-301F-11D3-BF4B-00C04F79EFBC}") = "DraggableTabControl", "DraggableTabControl\DraggableTabControl.csproj", "{9768FF46-1509-4B32-9B23-5DB183D8A348}"
EndProject
Global
	GlobalSection(SolutionConfigurationPlatforms) = preSolution
		Debug|Any CPU = Debug|Any CPU
		DebugFrozen|Any CPU = DebugFrozen|Any CPU
		Release|Any CPU = Release|Any CPU
	EndGlobalSection
	GlobalSection(ProjectConfigurationPlatforms) = postSolution
		{55EC0FAB-8464-4F11-9C27-0D8D9D58B0C2}.Debug|Any CPU.ActiveCfg = Debug|Any CPU
		{55EC0FAB-8464-4F11-9C27-0D8D9D58B0C2}.DebugFrozen|Any CPU.ActiveCfg = DebugFrozen|Any CPU
		{55EC0FAB-8464-4F11-9C27-0D8D9D58B0C2}.DebugFrozen|Any CPU.Build.0 = DebugFrozen|Any CPU
		{55EC0FAB-8464-4F11-9C27-0D8D9D58B0C2}.Release|Any CPU.ActiveCfg = Release|Any CPU
		{9768FF46-1509-4B32-9B23-5DB183D8A348}.Debug|Any CPU.ActiveCfg = Debug|Any CPU
		{9768FF46-1509-4B32-9B23-5DB183D8A348}.Debug|Any CPU.Build.0 = Debug|Any CPU
		{9768FF46-1509-4B32-9B23-5DB183D8A348}.DebugFrozen|Any CPU.ActiveCfg = Debug|Any CPU
		{9768FF46-1509-4B32-9B23-5DB183D8A348}.DebugFrozen|Any CPU.Build.0 = Debug|Any CPU
		{9768FF46-1509-4B32-9B23-5DB183D8A348}.Release|Any CPU.ActiveCfg = Release|Any CPU
		{9768FF46-1509-4B32-9B23-5DB183D8A348}.Release|Any CPU.Build.0 = Release|Any CPU
	EndGlobalSection
	GlobalSection(SolutionProperties) = preSolution
		HideSolutionNode = FALSE
	EndGlobalSection
EndGlobal
